// !$*UTF8*$!
{
	archiveVersion = 1;
	classes = {
	};
	objectVersion = 46;
	objects = {

/* Begin PBXBuildFile section */
		0A16FCE31546DA800063CB71 /* icon.png in Resources */ = {isa = PBXBuildFile; fileRef = 0A16FCE21546DA800063CB71 /* icon.png */; };
		0A16FCE91546DBCB0063CB71 /* backgroundImageViewNV.png in Resources */ = {isa = PBXBuildFile; fileRef = 0A16FCE41546DBCB0063CB71 /* backgroundImageViewNV.png */; };
		0A16FCEA1546DBCB0063CB71 /* drawAlbumButton.png in Resources */ = {isa = PBXBuildFile; fileRef = 0A16FCE51546DBCB0063CB71 /* drawAlbumButton.png */; };
		0A16FCEB1546DBCB0063CB71 /* drawViewButton.png in Resources */ = {isa = PBXBuildFile; fileRef = 0A16FCE61546DBCB0063CB71 /* drawViewButton.png */; };
		0A16FCEC1546DBCB0063CB71 /* pasterWonderLandButton.png in Resources */ = {isa = PBXBuildFile; fileRef = 0A16FCE71546DBCB0063CB71 /* pasterWonderLandButton.png */; };
		0A16FCED1546DBCB0063CB71 /* sketchWonderlandImageView.png in Resources */ = {isa = PBXBuildFile; fileRef = 0A16FCE81546DBCB0063CB71 /* sketchWonderlandImageView.png */; };
		0A3CBBC7152EF55E00B29756 /* UIKit.framework in Frameworks */ = {isa = PBXBuildFile; fileRef = 0A3CBBC6152EF55E00B29756 /* UIKit.framework */; };
		0A3CBBC9152EF55E00B29756 /* Foundation.framework in Frameworks */ = {isa = PBXBuildFile; fileRef = 0A3CBBC8152EF55E00B29756 /* Foundation.framework */; };
		0A3CBBCB152EF55E00B29756 /* CoreGraphics.framework in Frameworks */ = {isa = PBXBuildFile; fileRef = 0A3CBBCA152EF55E00B29756 /* CoreGraphics.framework */; };
		0A3CBBD1152EF55E00B29756 /* InfoPlist.strings in Resources */ = {isa = PBXBuildFile; fileRef = 0A3CBBCF152EF55E00B29756 /* InfoPlist.strings */; };
		0A3CBC21152EF65400B29756 /* AppDelegate.m in Sources */ = {isa = PBXBuildFile; fileRef = 0A3CBBEF152EF65300B29756 /* AppDelegate.m */; };
		0A3CBC22152EF65400B29756 /* RootViewController.m in Sources */ = {isa = PBXBuildFile; fileRef = 0A3CBBF2152EF65300B29756 /* RootViewController.m */; };
		0A3CBC23152EF65400B29756 /* SWPasterWonderlandViewController.m in Sources */ = {isa = PBXBuildFile; fileRef = 0A3CBBF4152EF65300B29756 /* SWPasterWonderlandViewController.m */; };
		0A3CBC25152EF65400B29756 /* PKGeometryImageView.m in Sources */ = {isa = PBXBuildFile; fileRef = 0A3CBBFB152EF65300B29756 /* PKGeometryImageView.m */; };
		0A3CBC26152EF65400B29756 /* PKGeometryPaster.m in Sources */ = {isa = PBXBuildFile; fileRef = 0A3CBBFD152EF65300B29756 /* PKGeometryPaster.m */; };
		0A3CBC27152EF65400B29756 /* PKGeometryPasterLibrary.m in Sources */ = {isa = PBXBuildFile; fileRef = 0A3CBBFF152EF65300B29756 /* PKGeometryPasterLibrary.m */; };
		0A3CBC28152EF65400B29756 /* PKGeometryPasterTemplate.m in Sources */ = {isa = PBXBuildFile; fileRef = 0A3CBC01152EF65300B29756 /* PKGeometryPasterTemplate.m */; };
		0A3CBC29152EF65400B29756 /* PKPasterTemplate.m in Sources */ = {isa = PBXBuildFile; fileRef = 0A3CBC03152EF65300B29756 /* PKPasterTemplate.m */; };
		0A3CBC2A152EF65400B29756 /* PKPasterTemplateLibrary.m in Sources */ = {isa = PBXBuildFile; fileRef = 0A3CBC05152EF65300B29756 /* PKPasterTemplateLibrary.m */; };
		0A3CBC2B152EF65400B29756 /* PKPasterWork.m in Sources */ = {isa = PBXBuildFile; fileRef = 0A3CBC07152EF65300B29756 /* PKPasterWork.m */; };
		0A3CBC3B152EF65400B29756 /* SWDrawAlbumView.xib in Resources */ = {isa = PBXBuildFile; fileRef = 0A3CBC1C152EF65300B29756 /* SWDrawAlbumView.xib */; };
		0A3CBC3C152EF65400B29756 /* SWDrawView.xib in Resources */ = {isa = PBXBuildFile; fileRef = 0A3CBC1D152EF65300B29756 /* SWDrawView.xib */; };
		0A3CBC3D152EF65400B29756 /* SWHelpView.xib in Resources */ = {isa = PBXBuildFile; fileRef = 0A3CBC1E152EF65300B29756 /* SWHelpView.xib */; };
		0A3CBC3F152EF65400B29756 /* SWPasterWonderlandView.xib in Resources */ = {isa = PBXBuildFile; fileRef = 0A3CBC20152EF65300B29756 /* SWPasterWonderlandView.xib */; };
		0A3CBC49152EF77000B29756 /* main.m in Sources */ = {isa = PBXBuildFile; fileRef = 0A3CBC48152EF77000B29756 /* main.m */; };
		0A3CBC4D152EF7E100B29756 /* backgroundImage.png in Resources */ = {isa = PBXBuildFile; fileRef = 0A3CBC4A152EF7E100B29756 /* backgroundImage.png */; };
		0A3CBC4E152EF7E100B29756 /* returnButton.png in Resources */ = {isa = PBXBuildFile; fileRef = 0A3CBC4C152EF7E100B29756 /* returnButton.png */; };
		0A3CBC5B152EF80900B29756 /* pasterTemplate0.png in Resources */ = {isa = PBXBuildFile; fileRef = 0A3CBC4F152EF80900B29756 /* pasterTemplate0.png */; };
		0A3CBC5C152EF80900B29756 /* pasterTemplate1.png in Resources */ = {isa = PBXBuildFile; fileRef = 0A3CBC50152EF80900B29756 /* pasterTemplate1.png */; };
		0A3CBC5D152EF80900B29756 /* pasterTemplate2.png in Resources */ = {isa = PBXBuildFile; fileRef = 0A3CBC51152EF80900B29756 /* pasterTemplate2.png */; };
		0A3CBC5E152EF80900B29756 /* pasterTemplate3.png in Resources */ = {isa = PBXBuildFile; fileRef = 0A3CBC52152EF80900B29756 /* pasterTemplate3.png */; };
		0A3CBC5F152EF80900B29756 /* pasterTemplate4.png in Resources */ = {isa = PBXBuildFile; fileRef = 0A3CBC53152EF80900B29756 /* pasterTemplate4.png */; };
		0A3CBC60152EF80900B29756 /* pasterTemplate5.png in Resources */ = {isa = PBXBuildFile; fileRef = 0A3CBC54152EF80900B29756 /* pasterTemplate5.png */; };
		0A3CBC61152EF80900B29756 /* pasterTemplate6.png in Resources */ = {isa = PBXBuildFile; fileRef = 0A3CBC55152EF80900B29756 /* pasterTemplate6.png */; };
		0A3CBC62152EF80900B29756 /* pasterTemplate7.png in Resources */ = {isa = PBXBuildFile; fileRef = 0A3CBC56152EF80900B29756 /* pasterTemplate7.png */; };
		0A3CBC63152EF80900B29756 /* pasterTemplate8.png in Resources */ = {isa = PBXBuildFile; fileRef = 0A3CBC57152EF80900B29756 /* pasterTemplate8.png */; };
		0A3CBC64152EF80900B29756 /* pasterTemplate9.png in Resources */ = {isa = PBXBuildFile; fileRef = 0A3CBC58152EF80900B29756 /* pasterTemplate9.png */; };
		0A3CBC65152EF80900B29756 /* pasterTemplate10.png in Resources */ = {isa = PBXBuildFile; fileRef = 0A3CBC59152EF80900B29756 /* pasterTemplate10.png */; };
		0A3CBC66152EF80900B29756 /* pasterTemplate11.png in Resources */ = {isa = PBXBuildFile; fileRef = 0A3CBC5A152EF80900B29756 /* pasterTemplate11.png */; };
		0A411932153DA0D3000ACAF2 /* UIImage+NSCoder.m in Sources */ = {isa = PBXBuildFile; fileRef = 0A41192F153DA0D3000ACAF2 /* UIImage+NSCoder.m */; };
		0A411933153DA0D3000ACAF2 /* UIImageView+DeepCopy.m in Sources */ = {isa = PBXBuildFile; fileRef = 0A411931153DA0D3000ACAF2 /* UIImageView+DeepCopy.m */; };
		0A82879915346B8800C84E9D /* SWNavigationViewController.m in Sources */ = {isa = PBXBuildFile; fileRef = 0A82879815346B8800C84E9D /* SWNavigationViewController.m */; };
		0A8287A01534708700C84E9D /* SWDrawViewController.m in Sources */ = {isa = PBXBuildFile; fileRef = 0A82879F1534708700C84E9D /* SWDrawViewController.m */; };
		0A8287A3153471DE00C84E9D /* DataOfPasterTemplates.plist in Resources */ = {isa = PBXBuildFile; fileRef = 0A8287A2153471DE00C84E9D /* DataOfPasterTemplates.plist */; };
		0A8287A61534729400C84E9D /* SWHelpViewController.m in Sources */ = {isa = PBXBuildFile; fileRef = 0A8287A51534729400C84E9D /* SWHelpViewController.m */; };
		0A8287A91534742500C84E9D /* SWDrawAlbumViewController.m in Sources */ = {isa = PBXBuildFile; fileRef = 0A8287A81534742500C84E9D /* SWDrawAlbumViewController.m */; };
		0ADA662C154001C000C36861 /* DataOfGeoPasterTemplates.plist in Resources */ = {isa = PBXBuildFile; fileRef = 0ADA662B154001C000C36861 /* DataOfGeoPasterTemplates.plist */; };
		0AF9F97815497D2D00EBAB30 /* SWDrawView.xib in Resources */ = {isa = PBXBuildFile; fileRef = 0AF9F97715497D2D00EBAB30 /* SWDrawView.xib */; };
		1818C5141546CFDA0096EA6E /* ImageHelper.m in Sources */ = {isa = PBXBuildFile; fileRef = 1818C50F1546CFCB0096EA6E /* ImageHelper.m */; };
		1818C5151546CFDA0096EA6E /* pointStack.m in Sources */ = {isa = PBXBuildFile; fileRef = 1818C5111546CFCF0096EA6E /* pointStack.m */; };
		1818C5161546CFDA0096EA6E /* fillImage.m in Sources */ = {isa = PBXBuildFile; fileRef = 1818C5131546CFD50096EA6E /* fillImage.m */; };
		18A3103915453FA300B1C820 /* DKDrawBoard.m in Sources */ = {isa = PBXBuildFile; fileRef = 18A3103215453FA300B1C820 /* DKDrawBoard.m */; };
		18A3103A15453FA300B1C820 /* DKPen.m in Sources */ = {isa = PBXBuildFile; fileRef = 18A3103415453FA300B1C820 /* DKPen.m */; };
		18A3103B15453FA300B1C820 /* DKWaterColorPen.m in Sources */ = {isa = PBXBuildFile; fileRef = 18A3103615453FA300B1C820 /* DKWaterColorPen.m */; };
		18A310471546869B00B1C820 /* DKDrawCanvas.m in Sources */ = {isa = PBXBuildFile; fileRef = 18A310461546869800B1C820 /* DKDrawCanvas.m */; };
		18A31052154696CB00B1C820 /* BroadView.m in Sources */ = {isa = PBXBuildFile; fileRef = 18A31051154696CA00B1C820 /* BroadView.m */; };
		A3867FE215453D0B002DC793 /* DataOfGeoTemplates.plist in Resources */ = {isa = PBXBuildFile; fileRef = A3867FE115453D0B002DC793 /* DataOfGeoTemplates.plist */; };
		A38C52DA15401AFC00D3A6EC /* SWNavigationView.xib in Resources */ = {isa = PBXBuildFile; fileRef = A38C52D915401AFC00D3A6EC /* SWNavigationView.xib */; };
		A9816A5B1531C96D0068B369 /* basicBackgroundImageView.png in Resources */ = {isa = PBXBuildFile; fileRef = A9816A571531C96D0068B369 /* basicBackgroundImageView.png */; };
		A9816A5C1531C96D0068B369 /* cancleButton.png in Resources */ = {isa = PBXBuildFile; fileRef = A9816A581531C96D0068B369 /* cancleButton.png */; };
		A9816A5D1531C96D0068B369 /* confirmButton.png in Resources */ = {isa = PBXBuildFile; fileRef = A9816A591531C96D0068B369 /* confirmButton.png */; };
		A9816A5E1531C96D0068B369 /* promptBackgroundImageView.png in Resources */ = {isa = PBXBuildFile; fileRef = A9816A5A1531C96D0068B369 /* promptBackgroundImageView.png */; };
		A9816A6C1531CC0C0068B369 /* doGoodImageView.png in Resources */ = {isa = PBXBuildFile; fileRef = A9816A6B1531CC0B0068B369 /* doGoodImageView.png */; };
		A9816A781531CC690068B369 /* createdCirclePaster.png in Resources */ = {isa = PBXBuildFile; fileRef = A9816A701531CC690068B369 /* createdCirclePaster.png */; };
		A9816A791531CC690068B369 /* createdEllipsePaster.png in Resources */ = {isa = PBXBuildFile; fileRef = A9816A711531CC690068B369 /* createdEllipsePaster.png */; };
		A9816A7A1531CC690068B369 /* createdGeometryPasterImageView.png in Resources */ = {isa = PBXBuildFile; fileRef = A9816A721531CC690068B369 /* createdGeometryPasterImageView.png */; };
		A9816A7B1531CC690068B369 /* createdPentaclePaster.png in Resources */ = {isa = PBXBuildFile; fileRef = A9816A731531CC690068B369 /* createdPentaclePaster.png */; };
		A9816A7C1531CC690068B369 /* createdRectanglePaster.png in Resources */ = {isa = PBXBuildFile; fileRef = A9816A741531CC690068B369 /* createdRectanglePaster.png */; };
		A9816A7D1531CC690068B369 /* createdSquarePaster.png in Resources */ = {isa = PBXBuildFile; fileRef = A9816A751531CC690068B369 /* createdSquarePaster.png */; };
		A9816A7E1531CC690068B369 /* createdTrapeziumPaster.png in Resources */ = {isa = PBXBuildFile; fileRef = A9816A761531CC690068B369 /* createdTrapeziumPaster.png */; };
		A9816A7F1531CC690068B369 /* createdTrianglePaster.png in Resources */ = {isa = PBXBuildFile; fileRef = A9816A771531CC690068B369 /* createdTrianglePaster.png */; };
		A9816A811531CC7B0068B369 /* geometryPasterLibraryImageView.png in Resources */ = {isa = PBXBuildFile; fileRef = A9816A801531CC7B0068B369 /* geometryPasterLibraryImageView.png */; };
		A9816A831531CC9C0068B369 /* createGeometryPasterButton.png in Resources */ = {isa = PBXBuildFile; fileRef = A9816A821531CC9B0068B369 /* createGeometryPasterButton.png */; };
		A9816A8C1531CCA30068B369 /* uncreateCirclePasterButton.png in Resources */ = {isa = PBXBuildFile; fileRef = A9816A851531CCA30068B369 /* uncreateCirclePasterButton.png */; };
		A9816A8D1531CCA30068B369 /* uncreateEllipsePasterButton.png in Resources */ = {isa = PBXBuildFile; fileRef = A9816A861531CCA30068B369 /* uncreateEllipsePasterButton.png */; };
		A9816A8E1531CCA30068B369 /* uncreatePentaclePasterButton.png in Resources */ = {isa = PBXBuildFile; fileRef = A9816A871531CCA30068B369 /* uncreatePentaclePasterButton.png */; };
		A9816A8F1531CCA30068B369 /* uncreateRectanglePasterButton.png in Resources */ = {isa = PBXBuildFile; fileRef = A9816A881531CCA30068B369 /* uncreateRectanglePasterButton.png */; };
		A9816A901531CCA30068B369 /* uncreateSquarePasterButton.png in Resources */ = {isa = PBXBuildFile; fileRef = A9816A891531CCA30068B369 /* uncreateSquarePasterButton.png */; };
		A9816A911531CCA30068B369 /* uncreateTrapeziumPasterButton.png in Resources */ = {isa = PBXBuildFile; fileRef = A9816A8A1531CCA30068B369 /* uncreateTrapeziumPasterButton.png */; };
		A9816A921531CCA30068B369 /* uncreateTrianglePasterButton.png in Resources */ = {isa = PBXBuildFile; fileRef = A9816A8B1531CCA30068B369 /* uncreateTrianglePasterButton.png */; };
		A981E5261531C0CC00D1512B /* backgroundImageViewDAV.png in Resources */ = {isa = PBXBuildFile; fileRef = A981E51E1531C0CC00D1512B /* backgroundImageViewDAV.png */; };
		A981E5271531C0CC00D1512B /* drawWorkBackgroundImageView0.png in Resources */ = {isa = PBXBuildFile; fileRef = A981E5201531C0CC00D1512B /* drawWorkBackgroundImageView0.png */; };
		A981E5281531C0CC00D1512B /* drawWorkBackgroundImageView1.png in Resources */ = {isa = PBXBuildFile; fileRef = A981E5211531C0CC00D1512B /* drawWorkBackgroundImageView1.png */; };
		A981E5291531C0CC00D1512B /* drawWorkBackgroundImageView2.png in Resources */ = {isa = PBXBuildFile; fileRef = A981E5221531C0CC00D1512B /* drawWorkBackgroundImageView2.png */; };
		A981E52A1531C0CC00D1512B /* drawWorkBackgroundImageView3.png in Resources */ = {isa = PBXBuildFile; fileRef = A981E5231531C0CC00D1512B /* drawWorkBackgroundImageView3.png */; };
		A981E52B1531C0CC00D1512B /* drawWorkBackgroundImageView4.png in Resources */ = {isa = PBXBuildFile; fileRef = A981E5241531C0CC00D1512B /* drawWorkBackgroundImageView4.png */; };
		A981E52C1531C0CC00D1512B /* returnButton.png in Resources */ = {isa = PBXBuildFile; fileRef = A981E5251531C0CC00D1512B /* returnButton.png */; };
		A981E54B1531C11000D1512B /* colorButton1.png in Resources */ = {isa = PBXBuildFile; fileRef = A981E52F1531C11000D1512B /* colorButton1.png */; };
		A981E54C1531C11000D1512B /* colorButton10.png in Resources */ = {isa = PBXBuildFile; fileRef = A981E5301531C11000D1512B /* colorButton10.png */; };
		A981E54D1531C11000D1512B /* colorButton11.png in Resources */ = {isa = PBXBuildFile; fileRef = A981E5311531C11000D1512B /* colorButton11.png */; };
		A981E54E1531C11000D1512B /* colorButton12.png in Resources */ = {isa = PBXBuildFile; fileRef = A981E5321531C11000D1512B /* colorButton12.png */; };
		A981E54F1531C11000D1512B /* colorButton13.png in Resources */ = {isa = PBXBuildFile; fileRef = A981E5331531C11000D1512B /* colorButton13.png */; };
		A981E5501531C11000D1512B /* colorButton14.png in Resources */ = {isa = PBXBuildFile; fileRef = A981E5341531C11000D1512B /* colorButton14.png */; };
		A981E5511531C11000D1512B /* colorButton15.png in Resources */ = {isa = PBXBuildFile; fileRef = A981E5351531C11000D1512B /* colorButton15.png */; };
		A981E5521531C11000D1512B /* colorButton16.png in Resources */ = {isa = PBXBuildFile; fileRef = A981E5361531C11000D1512B /* colorButton16.png */; };
		A981E5531531C11000D1512B /* colorButton17.png in Resources */ = {isa = PBXBuildFile; fileRef = A981E5371531C11000D1512B /* colorButton17.png */; };
		A981E5541531C11000D1512B /* colorButton18.png in Resources */ = {isa = PBXBuildFile; fileRef = A981E5381531C11000D1512B /* colorButton18.png */; };
		A981E5551531C11000D1512B /* colorButton2.png in Resources */ = {isa = PBXBuildFile; fileRef = A981E5391531C11000D1512B /* colorButton2.png */; };
		A981E5561531C11000D1512B /* colorButton3.png in Resources */ = {isa = PBXBuildFile; fileRef = A981E53A1531C11000D1512B /* colorButton3.png */; };
		A981E5571531C11000D1512B /* colorButton4.png in Resources */ = {isa = PBXBuildFile; fileRef = A981E53B1531C11000D1512B /* colorButton4.png */; };
		A981E5581531C11000D1512B /* colorButton5.png in Resources */ = {isa = PBXBuildFile; fileRef = A981E53C1531C11000D1512B /* colorButton5.png */; };
		A981E5591531C11000D1512B /* colorButton6.png in Resources */ = {isa = PBXBuildFile; fileRef = A981E53D1531C11000D1512B /* colorButton6.png */; };
		A981E55A1531C11000D1512B /* colorButton7.png in Resources */ = {isa = PBXBuildFile; fileRef = A981E53E1531C11000D1512B /* colorButton7.png */; };
		A981E55B1531C11000D1512B /* colorButton8.png in Resources */ = {isa = PBXBuildFile; fileRef = A981E53F1531C11000D1512B /* colorButton8.png */; };
		A981E55C1531C11000D1512B /* colorButton9.png in Resources */ = {isa = PBXBuildFile; fileRef = A981E5401531C11000D1512B /* colorButton9.png */; };
		A981E55D1531C11000D1512B /* DVCbackgroundImageView.png in Resources */ = {isa = PBXBuildFile; fileRef = A981E5411531C11000D1512B /* DVCbackgroundImageView.png */; };
		A981E55E1531C11000D1512B /* clearButton.png in Resources */ = {isa = PBXBuildFile; fileRef = A981E5431531C11000D1512B /* clearButton.png */; };
		A981E55F1531C11000D1512B /* enterAlumButton.png in Resources */ = {isa = PBXBuildFile; fileRef = A981E5441531C11000D1512B /* enterAlumButton.png */; };
		A981E5601531C11000D1512B /* grayMaskImageView.png in Resources */ = {isa = PBXBuildFile; fileRef = A981E5451531C11000D1512B /* grayMaskImageView.png */; };
		A981E5611531C11000D1512B /* redoButton.png in Resources */ = {isa = PBXBuildFile; fileRef = A981E5461531C11000D1512B /* redoButton.png */; };
		A981E5621531C11000D1512B /* removeGeometryPasterButton.png in Resources */ = {isa = PBXBuildFile; fileRef = A981E5471531C11000D1512B /* removeGeometryPasterButton.png */; };
		A981E5631531C11000D1512B /* returnButton.png in Resources */ = {isa = PBXBuildFile; fileRef = A981E5481531C11000D1512B /* returnButton.png */; };
		A981E5641531C11000D1512B /* saveButton.png in Resources */ = {isa = PBXBuildFile; fileRef = A981E5491531C11000D1512B /* saveButton.png */; };
		A981E5651531C11000D1512B /* undoButton.png in Resources */ = {isa = PBXBuildFile; fileRef = A981E54A1531C11000D1512B /* undoButton.png */; };
		A981E5701531C14200D1512B /* backgroundImageViewHV.png in Resources */ = {isa = PBXBuildFile; fileRef = A981E5671531C14200D1512B /* backgroundImageViewHV.png */; };
		A981E5711531C14200D1512B /* beforeButton.png in Resources */ = {isa = PBXBuildFile; fileRef = A981E5681531C14200D1512B /* beforeButton.png */; };
		A981E5721531C14200D1512B /* help.psd in Resources */ = {isa = PBXBuildFile; fileRef = A981E5691531C14200D1512B /* help.psd */; };
		A981E5731531C14200D1512B /* helpImageView1.png in Resources */ = {isa = PBXBuildFile; fileRef = A981E56A1531C14200D1512B /* helpImageView1.png */; };
		A981E5741531C14200D1512B /* helpImageView2.png in Resources */ = {isa = PBXBuildFile; fileRef = A981E56B1531C14200D1512B /* helpImageView2.png */; };
		A981E5751531C14200D1512B /* helpImageView3.png in Resources */ = {isa = PBXBuildFile; fileRef = A981E56C1531C14200D1512B /* helpImageView3.png */; };
		A981E5761531C14200D1512B /* helpImageView4.png in Resources */ = {isa = PBXBuildFile; fileRef = A981E56D1531C14200D1512B /* helpImageView4.png */; };
		A981E5771531C14200D1512B /* nextButton.png in Resources */ = {isa = PBXBuildFile; fileRef = A981E56E1531C14200D1512B /* nextButton.png */; };
		A981E5781531C14200D1512B /* returnButton.png in Resources */ = {isa = PBXBuildFile; fileRef = A981E56F1531C14200D1512B /* returnButton.png */; };
/* End PBXBuildFile section */

/* Begin PBXFileReference section */
		0A16FCE21546DA800063CB71 /* icon.png */ = {isa = PBXFileReference; lastKnownFileType = image.png; path = icon.png; sourceTree = "<group>"; };
		0A16FCE41546DBCB0063CB71 /* backgroundImageViewNV.png */ = {isa = PBXFileReference; lastKnownFileType = image.png; name = backgroundImageViewNV.png; path = SWNavigationView/backgroundImageViewNV.png; sourceTree = "<group>"; };
		0A16FCE51546DBCB0063CB71 /* drawAlbumButton.png */ = {isa = PBXFileReference; lastKnownFileType = image.png; name = drawAlbumButton.png; path = SWNavigationView/drawAlbumButton.png; sourceTree = "<group>"; };
		0A16FCE61546DBCB0063CB71 /* drawViewButton.png */ = {isa = PBXFileReference; lastKnownFileType = image.png; name = drawViewButton.png; path = SWNavigationView/drawViewButton.png; sourceTree = "<group>"; };
		0A16FCE71546DBCB0063CB71 /* pasterWonderLandButton.png */ = {isa = PBXFileReference; lastKnownFileType = image.png; name = pasterWonderLandButton.png; path = SWNavigationView/pasterWonderLandButton.png; sourceTree = "<group>"; };
		0A16FCE81546DBCB0063CB71 /* sketchWonderlandImageView.png */ = {isa = PBXFileReference; lastKnownFileType = image.png; name = sketchWonderlandImageView.png; path = SWNavigationView/sketchWonderlandImageView.png; sourceTree = "<group>"; };
		0A3CBBC2152EF55E00B29756 /* Sketch Integration.app */ = {isa = PBXFileReference; explicitFileType = wrapper.application; includeInIndex = 0; path = "Sketch Integration.app"; sourceTree = BUILT_PRODUCTS_DIR; };
		0A3CBBC6152EF55E00B29756 /* UIKit.framework */ = {isa = PBXFileReference; lastKnownFileType = wrapper.framework; name = UIKit.framework; path = System/Library/Frameworks/UIKit.framework; sourceTree = SDKROOT; };
		0A3CBBC8152EF55E00B29756 /* Foundation.framework */ = {isa = PBXFileReference; lastKnownFileType = wrapper.framework; name = Foundation.framework; path = System/Library/Frameworks/Foundation.framework; sourceTree = SDKROOT; };
		0A3CBBCA152EF55E00B29756 /* CoreGraphics.framework */ = {isa = PBXFileReference; lastKnownFileType = wrapper.framework; name = CoreGraphics.framework; path = System/Library/Frameworks/CoreGraphics.framework; sourceTree = SDKROOT; };
		0A3CBBCE152EF55E00B29756 /* Sketch Integration-Info.plist */ = {isa = PBXFileReference; lastKnownFileType = text.plist.xml; path = "Sketch Integration-Info.plist"; sourceTree = "<group>"; };
		0A3CBBD0152EF55E00B29756 /* en */ = {isa = PBXFileReference; lastKnownFileType = text.plist.strings; name = en; path = en.lproj/InfoPlist.strings; sourceTree = "<group>"; };
		0A3CBBD4152EF55E00B29756 /* Sketch Integration-Prefix.pch */ = {isa = PBXFileReference; lastKnownFileType = sourcecode.c.h; path = "Sketch Integration-Prefix.pch"; sourceTree = "<group>"; };
		0A3CBBEE152EF65300B29756 /* AppDelegate.h */ = {isa = PBXFileReference; fileEncoding = 4; lastKnownFileType = sourcecode.c.h; path = AppDelegate.h; sourceTree = "<group>"; };
		0A3CBBEF152EF65300B29756 /* AppDelegate.m */ = {isa = PBXFileReference; fileEncoding = 4; lastKnownFileType = sourcecode.c.objc; path = AppDelegate.m; sourceTree = "<group>"; };
		0A3CBBF1152EF65300B29756 /* RootViewController.h */ = {isa = PBXFileReference; fileEncoding = 4; lastKnownFileType = sourcecode.c.h; path = RootViewController.h; sourceTree = "<group>"; };
		0A3CBBF2152EF65300B29756 /* RootViewController.m */ = {isa = PBXFileReference; fileEncoding = 4; lastKnownFileType = sourcecode.c.objc; path = RootViewController.m; sourceTree = "<group>"; };
		0A3CBBF3152EF65300B29756 /* SWPasterWonderlandViewController.h */ = {isa = PBXFileReference; fileEncoding = 4; lastKnownFileType = sourcecode.c.h; path = SWPasterWonderlandViewController.h; sourceTree = "<group>"; };
		0A3CBBF4152EF65300B29756 /* SWPasterWonderlandViewController.m */ = {isa = PBXFileReference; fileEncoding = 4; lastKnownFileType = sourcecode.c.objc; path = SWPasterWonderlandViewController.m; sourceTree = "<group>"; };
		0A3CBBF5152EF65300B29756 /* EnumClass.h */ = {isa = PBXFileReference; fileEncoding = 4; lastKnownFileType = sourcecode.c.h; name = EnumClass.h; path = ../EnumClass.h; sourceTree = "<group>"; };
		0A3CBBFA152EF65300B29756 /* PKGeometryImageView.h */ = {isa = PBXFileReference; fileEncoding = 4; lastKnownFileType = sourcecode.c.h; path = PKGeometryImageView.h; sourceTree = "<group>"; };
		0A3CBBFB152EF65300B29756 /* PKGeometryImageView.m */ = {isa = PBXFileReference; fileEncoding = 4; lastKnownFileType = sourcecode.c.objc; path = PKGeometryImageView.m; sourceTree = "<group>"; };
		0A3CBBFC152EF65300B29756 /* PKGeometryPaster.h */ = {isa = PBXFileReference; fileEncoding = 4; lastKnownFileType = sourcecode.c.h; path = PKGeometryPaster.h; sourceTree = "<group>"; };
		0A3CBBFD152EF65300B29756 /* PKGeometryPaster.m */ = {isa = PBXFileReference; fileEncoding = 4; lastKnownFileType = sourcecode.c.objc; path = PKGeometryPaster.m; sourceTree = "<group>"; };
		0A3CBBFE152EF65300B29756 /* PKGeometryPasterLibrary.h */ = {isa = PBXFileReference; fileEncoding = 4; lastKnownFileType = sourcecode.c.h; path = PKGeometryPasterLibrary.h; sourceTree = "<group>"; };
		0A3CBBFF152EF65300B29756 /* PKGeometryPasterLibrary.m */ = {isa = PBXFileReference; fileEncoding = 4; lastKnownFileType = sourcecode.c.objc; path = PKGeometryPasterLibrary.m; sourceTree = "<group>"; };
		0A3CBC00152EF65300B29756 /* PKGeometryPasterTemplate.h */ = {isa = PBXFileReference; fileEncoding = 4; lastKnownFileType = sourcecode.c.h; path = PKGeometryPasterTemplate.h; sourceTree = "<group>"; };
		0A3CBC01152EF65300B29756 /* PKGeometryPasterTemplate.m */ = {isa = PBXFileReference; fileEncoding = 4; lastKnownFileType = sourcecode.c.objc; path = PKGeometryPasterTemplate.m; sourceTree = "<group>"; };
		0A3CBC02152EF65300B29756 /* PKPasterTemplate.h */ = {isa = PBXFileReference; fileEncoding = 4; lastKnownFileType = sourcecode.c.h; path = PKPasterTemplate.h; sourceTree = "<group>"; };
		0A3CBC03152EF65300B29756 /* PKPasterTemplate.m */ = {isa = PBXFileReference; fileEncoding = 4; lastKnownFileType = sourcecode.c.objc; path = PKPasterTemplate.m; sourceTree = "<group>"; };
		0A3CBC04152EF65300B29756 /* PKPasterTemplateLibrary.h */ = {isa = PBXFileReference; fileEncoding = 4; lastKnownFileType = sourcecode.c.h; path = PKPasterTemplateLibrary.h; sourceTree = "<group>"; };
		0A3CBC05152EF65300B29756 /* PKPasterTemplateLibrary.m */ = {isa = PBXFileReference; fileEncoding = 4; lastKnownFileType = sourcecode.c.objc; path = PKPasterTemplateLibrary.m; sourceTree = "<group>"; };
		0A3CBC06152EF65300B29756 /* PKPasterWork.h */ = {isa = PBXFileReference; fileEncoding = 4; lastKnownFileType = sourcecode.c.h; path = PKPasterWork.h; sourceTree = "<group>"; };
		0A3CBC07152EF65300B29756 /* PKPasterWork.m */ = {isa = PBXFileReference; fileEncoding = 4; lastKnownFileType = sourcecode.c.objc; path = PKPasterWork.m; sourceTree = "<group>"; };
		0A3CBC1C152EF65300B29756 /* SWDrawAlbumView.xib */ = {isa = PBXFileReference; fileEncoding = 4; lastKnownFileType = file.xib; path = SWDrawAlbumView.xib; sourceTree = "<group>"; };
		0A3CBC1D152EF65300B29756 /* SWDrawView.xib */ = {isa = PBXFileReference; fileEncoding = 4; lastKnownFileType = file.xib; path = SWDrawView.xib; sourceTree = "<group>"; };
		0A3CBC1E152EF65300B29756 /* SWHelpView.xib */ = {isa = PBXFileReference; fileEncoding = 4; lastKnownFileType = file.xib; path = SWHelpView.xib; sourceTree = "<group>"; };
		0A3CBC20152EF65300B29756 /* SWPasterWonderlandView.xib */ = {isa = PBXFileReference; fileEncoding = 4; lastKnownFileType = file.xib; path = SWPasterWonderlandView.xib; sourceTree = "<group>"; };
		0A3CBC48152EF77000B29756 /* main.m */ = {isa = PBXFileReference; fileEncoding = 4; lastKnownFileType = sourcecode.c.objc; path = main.m; sourceTree = "<group>"; };
		0A3CBC4A152EF7E100B29756 /* backgroundImage.png */ = {isa = PBXFileReference; lastKnownFileType = image.png; path = backgroundImage.png; sourceTree = "<group>"; };
		0A3CBC4C152EF7E100B29756 /* returnButton.png */ = {isa = PBXFileReference; lastKnownFileType = image.png; path = returnButton.png; sourceTree = "<group>"; };
		0A3CBC4F152EF80900B29756 /* pasterTemplate0.png */ = {isa = PBXFileReference; lastKnownFileType = image.png; path = pasterTemplate0.png; sourceTree = "<group>"; };
		0A3CBC50152EF80900B29756 /* pasterTemplate1.png */ = {isa = PBXFileReference; lastKnownFileType = image.png; path = pasterTemplate1.png; sourceTree = "<group>"; };
		0A3CBC51152EF80900B29756 /* pasterTemplate2.png */ = {isa = PBXFileReference; lastKnownFileType = image.png; path = pasterTemplate2.png; sourceTree = "<group>"; };
		0A3CBC52152EF80900B29756 /* pasterTemplate3.png */ = {isa = PBXFileReference; lastKnownFileType = image.png; path = pasterTemplate3.png; sourceTree = "<group>"; };
		0A3CBC53152EF80900B29756 /* pasterTemplate4.png */ = {isa = PBXFileReference; lastKnownFileType = image.png; path = pasterTemplate4.png; sourceTree = "<group>"; };
		0A3CBC54152EF80900B29756 /* pasterTemplate5.png */ = {isa = PBXFileReference; lastKnownFileType = image.png; path = pasterTemplate5.png; sourceTree = "<group>"; };
		0A3CBC55152EF80900B29756 /* pasterTemplate6.png */ = {isa = PBXFileReference; lastKnownFileType = image.png; path = pasterTemplate6.png; sourceTree = "<group>"; };
		0A3CBC56152EF80900B29756 /* pasterTemplate7.png */ = {isa = PBXFileReference; lastKnownFileType = image.png; path = pasterTemplate7.png; sourceTree = "<group>"; };
		0A3CBC57152EF80900B29756 /* pasterTemplate8.png */ = {isa = PBXFileReference; lastKnownFileType = image.png; path = pasterTemplate8.png; sourceTree = "<group>"; };
		0A3CBC58152EF80900B29756 /* pasterTemplate9.png */ = {isa = PBXFileReference; lastKnownFileType = image.png; path = pasterTemplate9.png; sourceTree = "<group>"; };
		0A3CBC59152EF80900B29756 /* pasterTemplate10.png */ = {isa = PBXFileReference; lastKnownFileType = image.png; path = pasterTemplate10.png; sourceTree = "<group>"; };
		0A3CBC5A152EF80900B29756 /* pasterTemplate11.png */ = {isa = PBXFileReference; lastKnownFileType = image.png; path = pasterTemplate11.png; sourceTree = "<group>"; };
		0A41192E153DA0D3000ACAF2 /* UIImage+NSCoder.h */ = {isa = PBXFileReference; fileEncoding = 4; lastKnownFileType = sourcecode.c.h; path = "UIImage+NSCoder.h"; sourceTree = "<group>"; };
		0A41192F153DA0D3000ACAF2 /* UIImage+NSCoder.m */ = {isa = PBXFileReference; fileEncoding = 4; lastKnownFileType = sourcecode.c.objc; path = "UIImage+NSCoder.m"; sourceTree = "<group>"; };
		0A411930153DA0D3000ACAF2 /* UIImageView+DeepCopy.h */ = {isa = PBXFileReference; fileEncoding = 4; lastKnownFileType = sourcecode.c.h; path = "UIImageView+DeepCopy.h"; sourceTree = "<group>"; };
		0A411931153DA0D3000ACAF2 /* UIImageView+DeepCopy.m */ = {isa = PBXFileReference; fileEncoding = 4; lastKnownFileType = sourcecode.c.objc; path = "UIImageView+DeepCopy.m"; sourceTree = "<group>"; };
		0A82879715346B8800C84E9D /* SWNavigationViewController.h */ = {isa = PBXFileReference; fileEncoding = 4; lastKnownFileType = sourcecode.c.h; path = SWNavigationViewController.h; sourceTree = "<group>"; };
		0A82879815346B8800C84E9D /* SWNavigationViewController.m */ = {isa = PBXFileReference; fileEncoding = 4; lastKnownFileType = sourcecode.c.objc; path = SWNavigationViewController.m; sourceTree = "<group>"; };
		0A82879E1534708700C84E9D /* SWDrawViewController.h */ = {isa = PBXFileReference; fileEncoding = 4; lastKnownFileType = sourcecode.c.h; path = SWDrawViewController.h; sourceTree = "<group>"; };
		0A82879F1534708700C84E9D /* SWDrawViewController.m */ = {isa = PBXFileReference; fileEncoding = 4; lastKnownFileType = sourcecode.c.objc; path = SWDrawViewController.m; sourceTree = "<group>"; };
		0A8287A2153471DE00C84E9D /* DataOfPasterTemplates.plist */ = {isa = PBXFileReference; fileEncoding = 4; lastKnownFileType = text.plist.xml; name = DataOfPasterTemplates.plist; path = Plists/DataOfPasterTemplates.plist; sourceTree = "<group>"; };
		0A8287A41534729400C84E9D /* SWHelpViewController.h */ = {isa = PBXFileReference; fileEncoding = 4; lastKnownFileType = sourcecode.c.h; path = SWHelpViewController.h; sourceTree = "<group>"; };
		0A8287A51534729400C84E9D /* SWHelpViewController.m */ = {isa = PBXFileReference; fileEncoding = 4; lastKnownFileType = sourcecode.c.objc; path = SWHelpViewController.m; sourceTree = "<group>"; };
		0A8287A71534742500C84E9D /* SWDrawAlbumViewController.h */ = {isa = PBXFileReference; fileEncoding = 4; lastKnownFileType = sourcecode.c.h; path = SWDrawAlbumViewController.h; sourceTree = "<group>"; };
		0A8287A81534742500C84E9D /* SWDrawAlbumViewController.m */ = {isa = PBXFileReference; fileEncoding = 4; lastKnownFileType = sourcecode.c.objc; path = SWDrawAlbumViewController.m; sourceTree = "<group>"; };
		0ADA662B154001C000C36861 /* DataOfGeoPasterTemplates.plist */ = {isa = PBXFileReference; fileEncoding = 4; lastKnownFileType = text.plist.xml; name = DataOfGeoPasterTemplates.plist; path = Plists/DataOfGeoPasterTemplates.plist; sourceTree = "<group>"; };
		0AF9F97715497D2D00EBAB30 /* SWDrawView.xib */ = {isa = PBXFileReference; fileEncoding = 4; lastKnownFileType = file.xib; name = SWDrawView.xib; path = ../../../../../../Volumes/Win/SWDrawView.xib; sourceTree = "<group>"; };
		1818C50E1546CFCA0096EA6E /* ImageHelper.h */ = {isa = PBXFileReference; fileEncoding = 4; lastKnownFileType = sourcecode.c.h; path = ImageHelper.h; sourceTree = "<group>"; };
		1818C50F1546CFCB0096EA6E /* ImageHelper.m */ = {isa = PBXFileReference; fileEncoding = 4; lastKnownFileType = sourcecode.c.objc; path = ImageHelper.m; sourceTree = "<group>"; };
		1818C5101546CFCD0096EA6E /* pointStack.h */ = {isa = PBXFileReference; fileEncoding = 4; lastKnownFileType = sourcecode.c.h; path = pointStack.h; sourceTree = "<group>"; };
		1818C5111546CFCF0096EA6E /* pointStack.m */ = {isa = PBXFileReference; fileEncoding = 4; lastKnownFileType = sourcecode.c.objc; path = pointStack.m; sourceTree = "<group>"; };
		1818C5121546CFD20096EA6E /* fillImage.h */ = {isa = PBXFileReference; fileEncoding = 4; lastKnownFileType = sourcecode.c.h; path = fillImage.h; sourceTree = "<group>"; };
		1818C5131546CFD50096EA6E /* fillImage.m */ = {isa = PBXFileReference; fileEncoding = 4; lastKnownFileType = sourcecode.c.objc; path = fillImage.m; sourceTree = "<group>"; };
		18A3103115453FA300B1C820 /* DKDrawBoard.h */ = {isa = PBXFileReference; fileEncoding = 4; lastKnownFileType = sourcecode.c.h; path = DKDrawBoard.h; sourceTree = "<group>"; };
		18A3103215453FA300B1C820 /* DKDrawBoard.m */ = {isa = PBXFileReference; fileEncoding = 4; lastKnownFileType = sourcecode.c.objc; path = DKDrawBoard.m; sourceTree = "<group>"; };
		18A3103315453FA300B1C820 /* DKPen.h */ = {isa = PBXFileReference; fileEncoding = 4; lastKnownFileType = sourcecode.c.h; path = DKPen.h; sourceTree = "<group>"; };
		18A3103415453FA300B1C820 /* DKPen.m */ = {isa = PBXFileReference; fileEncoding = 4; lastKnownFileType = sourcecode.c.objc; path = DKPen.m; sourceTree = "<group>"; };
		18A3103515453FA300B1C820 /* DKWaterColorPen.h */ = {isa = PBXFileReference; fileEncoding = 4; lastKnownFileType = sourcecode.c.h; path = DKWaterColorPen.h; sourceTree = "<group>"; };
		18A3103615453FA300B1C820 /* DKWaterColorPen.m */ = {isa = PBXFileReference; fileEncoding = 4; lastKnownFileType = sourcecode.c.objc; path = DKWaterColorPen.m; sourceTree = "<group>"; };
		18A310451546869500B1C820 /* DKDrawCanvas.h */ = {isa = PBXFileReference; fileEncoding = 4; lastKnownFileType = sourcecode.c.h; path = DKDrawCanvas.h; sourceTree = "<group>"; };
		18A310461546869800B1C820 /* DKDrawCanvas.m */ = {isa = PBXFileReference; fileEncoding = 4; lastKnownFileType = sourcecode.c.objc; path = DKDrawCanvas.m; sourceTree = "<group>"; };
		18A31050154696C400B1C820 /* BroadView.h */ = {isa = PBXFileReference; fileEncoding = 4; lastKnownFileType = sourcecode.c.h; path = BroadView.h; sourceTree = "<group>"; };
		18A31051154696CA00B1C820 /* BroadView.m */ = {isa = PBXFileReference; fileEncoding = 4; lastKnownFileType = sourcecode.c.objc; path = BroadView.m; sourceTree = "<group>"; };
		A3867FE115453D0B002DC793 /* DataOfGeoTemplates.plist */ = {isa = PBXFileReference; fileEncoding = 4; lastKnownFileType = text.plist.xml; name = DataOfGeoTemplates.plist; path = Plists/DataOfGeoTemplates.plist; sourceTree = "<group>"; };
		A38C52D915401AFC00D3A6EC /* SWNavigationView.xib */ = {isa = PBXFileReference; fileEncoding = 4; lastKnownFileType = file.xib; path = SWNavigationView.xib; sourceTree = "<group>"; };
		A9816A571531C96D0068B369 /* basicBackgroundImageView.png */ = {isa = PBXFileReference; lastKnownFileType = image.png; path = basicBackgroundImageView.png; sourceTree = "<group>"; };
		A9816A581531C96D0068B369 /* cancleButton.png */ = {isa = PBXFileReference; lastKnownFileType = image.png; path = cancleButton.png; sourceTree = "<group>"; };
		A9816A591531C96D0068B369 /* confirmButton.png */ = {isa = PBXFileReference; lastKnownFileType = image.png; path = confirmButton.png; sourceTree = "<group>"; };
		A9816A5A1531C96D0068B369 /* promptBackgroundImageView.png */ = {isa = PBXFileReference; lastKnownFileType = image.png; path = promptBackgroundImageView.png; sourceTree = "<group>"; };
		A9816A6B1531CC0B0068B369 /* doGoodImageView.png */ = {isa = PBXFileReference; lastKnownFileType = image.png; path = doGoodImageView.png; sourceTree = "<group>"; };
		A9816A701531CC690068B369 /* createdCirclePaster.png */ = {isa = PBXFileReference; lastKnownFileType = image.png; path = createdCirclePaster.png; sourceTree = "<group>"; };
		A9816A711531CC690068B369 /* createdEllipsePaster.png */ = {isa = PBXFileReference; lastKnownFileType = image.png; path = createdEllipsePaster.png; sourceTree = "<group>"; };
		A9816A721531CC690068B369 /* createdGeometryPasterImageView.png */ = {isa = PBXFileReference; lastKnownFileType = image.png; path = createdGeometryPasterImageView.png; sourceTree = "<group>"; };
		A9816A731531CC690068B369 /* createdPentaclePaster.png */ = {isa = PBXFileReference; lastKnownFileType = image.png; path = createdPentaclePaster.png; sourceTree = "<group>"; };
		A9816A741531CC690068B369 /* createdRectanglePaster.png */ = {isa = PBXFileReference; lastKnownFileType = image.png; path = createdRectanglePaster.png; sourceTree = "<group>"; };
		A9816A751531CC690068B369 /* createdSquarePaster.png */ = {isa = PBXFileReference; lastKnownFileType = image.png; path = createdSquarePaster.png; sourceTree = "<group>"; };
		A9816A761531CC690068B369 /* createdTrapeziumPaster.png */ = {isa = PBXFileReference; lastKnownFileType = image.png; path = createdTrapeziumPaster.png; sourceTree = "<group>"; };
		A9816A771531CC690068B369 /* createdTrianglePaster.png */ = {isa = PBXFileReference; lastKnownFileType = image.png; path = createdTrianglePaster.png; sourceTree = "<group>"; };
		A9816A801531CC7B0068B369 /* geometryPasterLibraryImageView.png */ = {isa = PBXFileReference; lastKnownFileType = image.png; path = geometryPasterLibraryImageView.png; sourceTree = "<group>"; };
		A9816A821531CC9B0068B369 /* createGeometryPasterButton.png */ = {isa = PBXFileReference; lastKnownFileType = image.png; path = createGeometryPasterButton.png; sourceTree = "<group>"; };
		A9816A851531CCA30068B369 /* uncreateCirclePasterButton.png */ = {isa = PBXFileReference; lastKnownFileType = image.png; path = uncreateCirclePasterButton.png; sourceTree = "<group>"; };
		A9816A861531CCA30068B369 /* uncreateEllipsePasterButton.png */ = {isa = PBXFileReference; lastKnownFileType = image.png; path = uncreateEllipsePasterButton.png; sourceTree = "<group>"; };
		A9816A871531CCA30068B369 /* uncreatePentaclePasterButton.png */ = {isa = PBXFileReference; lastKnownFileType = image.png; path = uncreatePentaclePasterButton.png; sourceTree = "<group>"; };
		A9816A881531CCA30068B369 /* uncreateRectanglePasterButton.png */ = {isa = PBXFileReference; lastKnownFileType = image.png; path = uncreateRectanglePasterButton.png; sourceTree = "<group>"; };
		A9816A891531CCA30068B369 /* uncreateSquarePasterButton.png */ = {isa = PBXFileReference; lastKnownFileType = image.png; path = uncreateSquarePasterButton.png; sourceTree = "<group>"; };
		A9816A8A1531CCA30068B369 /* uncreateTrapeziumPasterButton.png */ = {isa = PBXFileReference; lastKnownFileType = image.png; path = uncreateTrapeziumPasterButton.png; sourceTree = "<group>"; };
		A9816A8B1531CCA30068B369 /* uncreateTrianglePasterButton.png */ = {isa = PBXFileReference; lastKnownFileType = image.png; path = uncreateTrianglePasterButton.png; sourceTree = "<group>"; };
		A981E51E1531C0CC00D1512B /* backgroundImageViewDAV.png */ = {isa = PBXFileReference; lastKnownFileType = image.png; path = backgroundImageViewDAV.png; sourceTree = "<group>"; };
		A981E5201531C0CC00D1512B /* drawWorkBackgroundImageView0.png */ = {isa = PBXFileReference; lastKnownFileType = image.png; path = drawWorkBackgroundImageView0.png; sourceTree = "<group>"; };
		A981E5211531C0CC00D1512B /* drawWorkBackgroundImageView1.png */ = {isa = PBXFileReference; lastKnownFileType = image.png; path = drawWorkBackgroundImageView1.png; sourceTree = "<group>"; };
		A981E5221531C0CC00D1512B /* drawWorkBackgroundImageView2.png */ = {isa = PBXFileReference; lastKnownFileType = image.png; path = drawWorkBackgroundImageView2.png; sourceTree = "<group>"; };
		A981E5231531C0CC00D1512B /* drawWorkBackgroundImageView3.png */ = {isa = PBXFileReference; lastKnownFileType = image.png; path = drawWorkBackgroundImageView3.png; sourceTree = "<group>"; };
		A981E5241531C0CC00D1512B /* drawWorkBackgroundImageView4.png */ = {isa = PBXFileReference; lastKnownFileType = image.png; path = drawWorkBackgroundImageView4.png; sourceTree = "<group>"; };
		A981E5251531C0CC00D1512B /* returnButton.png */ = {isa = PBXFileReference; lastKnownFileType = image.png; path = returnButton.png; sourceTree = "<group>"; };
		A981E52F1531C11000D1512B /* colorButton1.png */ = {isa = PBXFileReference; lastKnownFileType = image.png; path = colorButton1.png; sourceTree = "<group>"; };
		A981E5301531C11000D1512B /* colorButton10.png */ = {isa = PBXFileReference; lastKnownFileType = image.png; path = colorButton10.png; sourceTree = "<group>"; };
		A981E5311531C11000D1512B /* colorButton11.png */ = {isa = PBXFileReference; lastKnownFileType = image.png; path = colorButton11.png; sourceTree = "<group>"; };
		A981E5321531C11000D1512B /* colorButton12.png */ = {isa = PBXFileReference; lastKnownFileType = image.png; path = colorButton12.png; sourceTree = "<group>"; };
		A981E5331531C11000D1512B /* colorButton13.png */ = {isa = PBXFileReference; lastKnownFileType = image.png; path = colorButton13.png; sourceTree = "<group>"; };
		A981E5341531C11000D1512B /* colorButton14.png */ = {isa = PBXFileReference; lastKnownFileType = image.png; path = colorButton14.png; sourceTree = "<group>"; };
		A981E5351531C11000D1512B /* colorButton15.png */ = {isa = PBXFileReference; lastKnownFileType = image.png; path = colorButton15.png; sourceTree = "<group>"; };
		A981E5361531C11000D1512B /* colorButton16.png */ = {isa = PBXFileReference; lastKnownFileType = image.png; path = colorButton16.png; sourceTree = "<group>"; };
		A981E5371531C11000D1512B /* colorButton17.png */ = {isa = PBXFileReference; lastKnownFileType = image.png; path = colorButton17.png; sourceTree = "<group>"; };
		A981E5381531C11000D1512B /* colorButton18.png */ = {isa = PBXFileReference; lastKnownFileType = image.png; path = colorButton18.png; sourceTree = "<group>"; };
		A981E5391531C11000D1512B /* colorButton2.png */ = {isa = PBXFileReference; lastKnownFileType = image.png; path = colorButton2.png; sourceTree = "<group>"; };
		A981E53A1531C11000D1512B /* colorButton3.png */ = {isa = PBXFileReference; lastKnownFileType = image.png; path = colorButton3.png; sourceTree = "<group>"; };
		A981E53B1531C11000D1512B /* colorButton4.png */ = {isa = PBXFileReference; lastKnownFileType = image.png; path = colorButton4.png; sourceTree = "<group>"; };
		A981E53C1531C11000D1512B /* colorButton5.png */ = {isa = PBXFileReference; lastKnownFileType = image.png; path = colorButton5.png; sourceTree = "<group>"; };
		A981E53D1531C11000D1512B /* colorButton6.png */ = {isa = PBXFileReference; lastKnownFileType = image.png; path = colorButton6.png; sourceTree = "<group>"; };
		A981E53E1531C11000D1512B /* colorButton7.png */ = {isa = PBXFileReference; lastKnownFileType = image.png; path = colorButton7.png; sourceTree = "<group>"; };
		A981E53F1531C11000D1512B /* colorButton8.png */ = {isa = PBXFileReference; lastKnownFileType = image.png; path = colorButton8.png; sourceTree = "<group>"; };
		A981E5401531C11000D1512B /* colorButton9.png */ = {isa = PBXFileReference; lastKnownFileType = image.png; path = colorButton9.png; sourceTree = "<group>"; };
		A981E5411531C11000D1512B /* DVCbackgroundImageView.png */ = {isa = PBXFileReference; lastKnownFileType = image.png; path = DVCbackgroundImageView.png; sourceTree = "<group>"; };
		A981E5431531C11000D1512B /* clearButton.png */ = {isa = PBXFileReference; lastKnownFileType = image.png; path = clearButton.png; sourceTree = "<group>"; };
		A981E5441531C11000D1512B /* enterAlumButton.png */ = {isa = PBXFileReference; lastKnownFileType = image.png; path = enterAlumButton.png; sourceTree = "<group>"; };
		A981E5451531C11000D1512B /* grayMaskImageView.png */ = {isa = PBXFileReference; lastKnownFileType = image.png; path = grayMaskImageView.png; sourceTree = "<group>"; };
		A981E5461531C11000D1512B /* redoButton.png */ = {isa = PBXFileReference; lastKnownFileType = image.png; path = redoButton.png; sourceTree = "<group>"; };
		A981E5471531C11000D1512B /* removeGeometryPasterButton.png */ = {isa = PBXFileReference; lastKnownFileType = image.png; path = removeGeometryPasterButton.png; sourceTree = "<group>"; };
		A981E5481531C11000D1512B /* returnButton.png */ = {isa = PBXFileReference; lastKnownFileType = image.png; path = returnButton.png; sourceTree = "<group>"; };
		A981E5491531C11000D1512B /* saveButton.png */ = {isa = PBXFileReference; lastKnownFileType = image.png; path = saveButton.png; sourceTree = "<group>"; };
		A981E54A1531C11000D1512B /* undoButton.png */ = {isa = PBXFileReference; lastKnownFileType = image.png; path = undoButton.png; sourceTree = "<group>"; };
		A981E5671531C14200D1512B /* backgroundImageViewHV.png */ = {isa = PBXFileReference; lastKnownFileType = image.png; path = backgroundImageViewHV.png; sourceTree = "<group>"; };
		A981E5681531C14200D1512B /* beforeButton.png */ = {isa = PBXFileReference; lastKnownFileType = image.png; path = beforeButton.png; sourceTree = "<group>"; };
		A981E5691531C14200D1512B /* help.psd */ = {isa = PBXFileReference; lastKnownFileType = file; path = help.psd; sourceTree = "<group>"; };
		A981E56A1531C14200D1512B /* helpImageView1.png */ = {isa = PBXFileReference; lastKnownFileType = image.png; path = helpImageView1.png; sourceTree = "<group>"; };
		A981E56B1531C14200D1512B /* helpImageView2.png */ = {isa = PBXFileReference; lastKnownFileType = image.png; path = helpImageView2.png; sourceTree = "<group>"; };
		A981E56C1531C14200D1512B /* helpImageView3.png */ = {isa = PBXFileReference; lastKnownFileType = image.png; path = helpImageView3.png; sourceTree = "<group>"; };
		A981E56D1531C14200D1512B /* helpImageView4.png */ = {isa = PBXFileReference; lastKnownFileType = image.png; path = helpImageView4.png; sourceTree = "<group>"; };
		A981E56E1531C14200D1512B /* nextButton.png */ = {isa = PBXFileReference; lastKnownFileType = image.png; path = nextButton.png; sourceTree = "<group>"; };
		A981E56F1531C14200D1512B /* returnButton.png */ = {isa = PBXFileReference; lastKnownFileType = image.png; path = returnButton.png; sourceTree = "<group>"; };
/* End PBXFileReference section */

/* Begin PBXFrameworksBuildPhase section */
		0A3CBBBF152EF55E00B29756 /* Frameworks */ = {
			isa = PBXFrameworksBuildPhase;
			buildActionMask = 2147483647;
			files = (
				0A3CBBC7152EF55E00B29756 /* UIKit.framework in Frameworks */,
				0A3CBBC9152EF55E00B29756 /* Foundation.framework in Frameworks */,
				0A3CBBCB152EF55E00B29756 /* CoreGraphics.framework in Frameworks */,
			);
			runOnlyForDeploymentPostprocessing = 0;
		};
/* End PBXFrameworksBuildPhase section */

/* Begin PBXGroup section */
		0A3CBBB7152EF55E00B29756 = {
			isa = PBXGroup;
			children = (
				0A3CBBCC152EF55E00B29756 /* Sketch Integration */,
				0A3CBBC5152EF55E00B29756 /* Frameworks */,
				0A3CBBC3152EF55E00B29756 /* Products */,
			);
			sourceTree = "<group>";
		};
		0A3CBBC3152EF55E00B29756 /* Products */ = {
			isa = PBXGroup;
			children = (
				0A3CBBC2152EF55E00B29756 /* Sketch Integration.app */,
			);
			name = Products;
			sourceTree = "<group>";
		};
		0A3CBBC5152EF55E00B29756 /* Frameworks */ = {
			isa = PBXGroup;
			children = (
				0A3CBBC6152EF55E00B29756 /* UIKit.framework */,
				0A3CBBC8152EF55E00B29756 /* Foundation.framework */,
				0A3CBBCA152EF55E00B29756 /* CoreGraphics.framework */,
			);
			name = Frameworks;
			sourceTree = "<group>";
		};
		0A3CBBCC152EF55E00B29756 /* Sketch Integration */ = {
			isa = PBXGroup;
			children = (
				0A3CBBEE152EF65300B29756 /* AppDelegate.h */,
				0A3CBBEF152EF65300B29756 /* AppDelegate.m */,
				0A3CBBF0152EF65300B29756 /* Controllers */,
				0A3CBBF7152EF65300B29756 /* Models */,
				0A3CBC1B152EF65300B29756 /* Views */,
				0A3CBBCD152EF55E00B29756 /* Supporting Files */,
			);
			path = "Sketch Integration";
			sourceTree = "<group>";
		};
		0A3CBBCD152EF55E00B29756 /* Supporting Files */ = {
			isa = PBXGroup;
			children = (
				0A3CBC44152EF6C300B29756 /* Resources */,
				0A3CBBCE152EF55E00B29756 /* Sketch Integration-Info.plist */,
				0A16FCE21546DA800063CB71 /* icon.png */,
				0A3CBBCF152EF55E00B29756 /* InfoPlist.strings */,
				0A3CBC48152EF77000B29756 /* main.m */,
				0A3CBBD4152EF55E00B29756 /* Sketch Integration-Prefix.pch */,
			);
			name = "Supporting Files";
			sourceTree = "<group>";
		};
		0A3CBBF0152EF65300B29756 /* Controllers */ = {
			isa = PBXGroup;
			children = (
				0A3CBBF1152EF65300B29756 /* RootViewController.h */,
				0A3CBBF2152EF65300B29756 /* RootViewController.m */,
				0A82879715346B8800C84E9D /* SWNavigationViewController.h */,
				0A82879815346B8800C84E9D /* SWNavigationViewController.m */,
				0A3CBBF3152EF65300B29756 /* SWPasterWonderlandViewController.h */,
				0A3CBBF4152EF65300B29756 /* SWPasterWonderlandViewController.m */,
				0A82879E1534708700C84E9D /* SWDrawViewController.h */,
				0A82879F1534708700C84E9D /* SWDrawViewController.m */,
				0A8287A71534742500C84E9D /* SWDrawAlbumViewController.h */,
				0A8287A81534742500C84E9D /* SWDrawAlbumViewController.m */,
				0A8287A41534729400C84E9D /* SWHelpViewController.h */,
				0A8287A51534729400C84E9D /* SWHelpViewController.m */,
			);
			path = Controllers;
			sourceTree = "<group>";
		};
		0A3CBBF7152EF65300B29756 /* Models */ = {
			isa = PBXGroup;
			children = (
				18A3102D15453F8300B1C820 /* DrawKit */,
				0A3CBBF5152EF65300B29756 /* EnumClass.h */,
				0A3CBBF9152EF65300B29756 /* PasterKit */,
			);
			path = Models;
			sourceTree = "<group>";
		};
		0A3CBBF9152EF65300B29756 /* PasterKit */ = {
			isa = PBXGroup;
			children = (
				0A3CBBFA152EF65300B29756 /* PKGeometryImageView.h */,
				0A3CBBFB152EF65300B29756 /* PKGeometryImageView.m */,
				0A3CBBFC152EF65300B29756 /* PKGeometryPaster.h */,
				0A3CBBFD152EF65300B29756 /* PKGeometryPaster.m */,
				0A3CBBFE152EF65300B29756 /* PKGeometryPasterLibrary.h */,
				0A3CBBFF152EF65300B29756 /* PKGeometryPasterLibrary.m */,
				0A3CBC00152EF65300B29756 /* PKGeometryPasterTemplate.h */,
				0A3CBC01152EF65300B29756 /* PKGeometryPasterTemplate.m */,
				0A3CBC02152EF65300B29756 /* PKPasterTemplate.h */,
				0A3CBC03152EF65300B29756 /* PKPasterTemplate.m */,
				0A3CBC04152EF65300B29756 /* PKPasterTemplateLibrary.h */,
				0A3CBC05152EF65300B29756 /* PKPasterTemplateLibrary.m */,
				0A3CBC06152EF65300B29756 /* PKPasterWork.h */,
				0A3CBC07152EF65300B29756 /* PKPasterWork.m */,
			);
			path = PasterKit;
			sourceTree = "<group>";
		};
		0A3CBC1B152EF65300B29756 /* Views */ = {
			isa = PBXGroup;
			children = (
				0A41192E153DA0D3000ACAF2 /* UIImage+NSCoder.h */,
				0A41192F153DA0D3000ACAF2 /* UIImage+NSCoder.m */,
				0A411930153DA0D3000ACAF2 /* UIImageView+DeepCopy.h */,
				0A411931153DA0D3000ACAF2 /* UIImageView+DeepCopy.m */,
				A38C52D915401AFC00D3A6EC /* SWNavigationView.xib */,
				0A3CBC20152EF65300B29756 /* SWPasterWonderlandView.xib */,
				0AF9F97715497D2D00EBAB30 /* SWDrawView.xib */,
				0A3CBC1D152EF65300B29756 /* SWDrawView.xib */,
				0A3CBC1C152EF65300B29756 /* SWDrawAlbumView.xib */,
				0A3CBC1E152EF65300B29756 /* SWHelpView.xib */,
			);
			path = Views;
			sourceTree = "<group>";
		};
		0A3CBC44152EF6C300B29756 /* Resources */ = {
			isa = PBXGroup;
			children = (
				0A8287A1153471BE00C84E9D /* Plists */,
				0A3CBC45152EF6C300B29756 /* Images */,
			);
			path = Resources;
			sourceTree = "<group>";
		};
		0A3CBC45152EF6C300B29756 /* Images */ = {
			isa = PBXGroup;
			children = (
				A9816A601531CACC0068B369 /* SWNavigationView */,
				A981E5661531C14200D1512B /* SWHelpView */,
				A981E52D1531C11000D1512B /* SWDrawView */,
				A981E51D1531C0CC00D1512B /* SWDrawAlbumView */,
				0A3CBC46152EF6C300B29756 /* SWPasterWonderlandView */,
			);
			path = Images;
			sourceTree = "<group>";
		};
		0A3CBC46152EF6C300B29756 /* SWPasterWonderlandView */ = {
			isa = PBXGroup;
			children = (
				0A3CBC4A152EF7E100B29756 /* backgroundImage.png */,
				0A3CBC4C152EF7E100B29756 /* returnButton.png */,
				0A3CBC4B152EF7E100B29756 /* pasterTemplates */,
			);
			path = SWPasterWonderlandView;
			sourceTree = "<group>";
		};
		0A3CBC4B152EF7E100B29756 /* pasterTemplates */ = {
			isa = PBXGroup;
			children = (
				0A3CBC4F152EF80900B29756 /* pasterTemplate0.png */,
				0A3CBC50152EF80900B29756 /* pasterTemplate1.png */,
				0A3CBC51152EF80900B29756 /* pasterTemplate2.png */,
				0A3CBC52152EF80900B29756 /* pasterTemplate3.png */,
				0A3CBC53152EF80900B29756 /* pasterTemplate4.png */,
				0A3CBC54152EF80900B29756 /* pasterTemplate5.png */,
				0A3CBC55152EF80900B29756 /* pasterTemplate6.png */,
				0A3CBC56152EF80900B29756 /* pasterTemplate7.png */,
				0A3CBC57152EF80900B29756 /* pasterTemplate8.png */,
				0A3CBC58152EF80900B29756 /* pasterTemplate9.png */,
				0A3CBC59152EF80900B29756 /* pasterTemplate10.png */,
				0A3CBC5A152EF80900B29756 /* pasterTemplate11.png */,
			);
			path = pasterTemplates;
			sourceTree = "<group>";
		};
		0A8287A1153471BE00C84E9D /* Plists */ = {
			isa = PBXGroup;
			children = (
				0ADA662B154001C000C36861 /* DataOfGeoPasterTemplates.plist */,
				0A8287A2153471DE00C84E9D /* DataOfPasterTemplates.plist */,
				A3867FE115453D0B002DC793 /* DataOfGeoTemplates.plist */,
			);
			name = Plists;
			sourceTree = "<group>";
		};
		18A3102D15453F8300B1C820 /* DrawKit */ = {
			isa = PBXGroup;
			children = (
				18A3103115453FA300B1C820 /* DKDrawBoard.h */,
				18A3103215453FA300B1C820 /* DKDrawBoard.m */,
				18A3103315453FA300B1C820 /* DKPen.h */,
				18A3103415453FA300B1C820 /* DKPen.m */,
				18A3103515453FA300B1C820 /* DKWaterColorPen.h */,
				18A3103615453FA300B1C820 /* DKWaterColorPen.m */,
				18A31050154696C400B1C820 /* BroadView.h */,
				18A31051154696CA00B1C820 /* BroadView.m */,
				18A310451546869500B1C820 /* DKDrawCanvas.h */,
				18A310461546869800B1C820 /* DKDrawCanvas.m */,
				1818C50E1546CFCA0096EA6E /* ImageHelper.h */,
				1818C50F1546CFCB0096EA6E /* ImageHelper.m */,
				1818C5101546CFCD0096EA6E /* pointStack.h */,
				1818C5111546CFCF0096EA6E /* pointStack.m */,
				1818C5121546CFD20096EA6E /* fillImage.h */,
				1818C5131546CFD50096EA6E /* fillImage.m */,
			);
			path = DrawKit;
			sourceTree = "<group>";
		};
		A9816A561531C96D0068B369 /* SWPromptDialog */ = {
			isa = PBXGroup;
			children = (
				A9816A571531C96D0068B369 /* basicBackgroundImageView.png */,
				A9816A581531C96D0068B369 /* cancleButton.png */,
				A9816A591531C96D0068B369 /* confirmButton.png */,
				A9816A5A1531C96D0068B369 /* promptBackgroundImageView.png */,
			);
			path = SWPromptDialog;
			sourceTree = "<group>";
		};
		A9816A601531CACC0068B369 /* SWNavigationView */ = {
			isa = PBXGroup;
			children = (
				0A16FCE41546DBCB0063CB71 /* backgroundImageViewNV.png */,
				0A16FCE51546DBCB0063CB71 /* drawAlbumButton.png */,
				0A16FCE61546DBCB0063CB71 /* drawViewButton.png */,
				0A16FCE71546DBCB0063CB71 /* pasterWonderLandButton.png */,
				0A16FCE81546DBCB0063CB71 /* sketchWonderlandImageView.png */,
			);
			name = SWNavigationView;
			sourceTree = "<group>";
		};
		A9816A6F1531CC680068B369 /* createGeometryPasterImageView */ = {
			isa = PBXGroup;
			children = (
				A9816A701531CC690068B369 /* createdCirclePaster.png */,
				A9816A711531CC690068B369 /* createdEllipsePaster.png */,
				A9816A731531CC690068B369 /* createdPentaclePaster.png */,
				A9816A741531CC690068B369 /* createdRectanglePaster.png */,
				A9816A751531CC690068B369 /* createdSquarePaster.png */,
				A9816A761531CC690068B369 /* createdTrapeziumPaster.png */,
				A9816A771531CC690068B369 /* createdTrianglePaster.png */,
				A9816A721531CC690068B369 /* createdGeometryPasterImageView.png */,
			);
			path = createGeometryPasterImageView;
			sourceTree = "<group>";
		};
		A9816A841531CCA30068B369 /* uncreateGeometryPasterButton */ = {
			isa = PBXGroup;
			children = (
				A9816A851531CCA30068B369 /* uncreateCirclePasterButton.png */,
				A9816A861531CCA30068B369 /* uncreateEllipsePasterButton.png */,
				A9816A871531CCA30068B369 /* uncreatePentaclePasterButton.png */,
				A9816A881531CCA30068B369 /* uncreateRectanglePasterButton.png */,
				A9816A891531CCA30068B369 /* uncreateSquarePasterButton.png */,
				A9816A8A1531CCA30068B369 /* uncreateTrapeziumPasterButton.png */,
				A9816A8B1531CCA30068B369 /* uncreateTrianglePasterButton.png */,
			);
			path = uncreateGeometryPasterButton;
			sourceTree = "<group>";
		};
		A981E51D1531C0CC00D1512B /* SWDrawAlbumView */ = {
			isa = PBXGroup;
			children = (
				A981E51E1531C0CC00D1512B /* backgroundImageViewDAV.png */,
				A981E51F1531C0CC00D1512B /* drawWorkImageView */,
				A981E5251531C0CC00D1512B /* returnButton.png */,
			);
			name = SWDrawAlbumView;
			path = SWDrawAlbumViewController;
			sourceTree = "<group>";
		};
		A981E51F1531C0CC00D1512B /* drawWorkImageView */ = {
			isa = PBXGroup;
			children = (
				A981E5201531C0CC00D1512B /* drawWorkBackgroundImageView0.png */,
				A981E5211531C0CC00D1512B /* drawWorkBackgroundImageView1.png */,
				A981E5221531C0CC00D1512B /* drawWorkBackgroundImageView2.png */,
				A981E5231531C0CC00D1512B /* drawWorkBackgroundImageView3.png */,
				A981E5241531C0CC00D1512B /* drawWorkBackgroundImageView4.png */,
			);
			path = drawWorkImageView;
			sourceTree = "<group>";
		};
		A981E52D1531C11000D1512B /* SWDrawView */ = {
			isa = PBXGroup;
			children = (
				A9816A841531CCA30068B369 /* uncreateGeometryPasterButton */,
				A9816A6F1531CC680068B369 /* createGeometryPasterImageView */,
				A9816A561531C96D0068B369 /* SWPromptDialog */,
				A981E52E1531C11000D1512B /* colorButton */,
				A981E5421531C11000D1512B /* enterAlbumButton */,
				A981E5451531C11000D1512B /* grayMaskImageView.png */,
				A9816A801531CC7B0068B369 /* geometryPasterLibraryImageView.png */,
				A981E5411531C11000D1512B /* DVCbackgroundImageView.png */,
				A9816A821531CC9B0068B369 /* createGeometryPasterButton.png */,
				A9816A6B1531CC0B0068B369 /* doGoodImageView.png */,
				A981E5461531C11000D1512B /* redoButton.png */,
				A981E5471531C11000D1512B /* removeGeometryPasterButton.png */,
				A981E5481531C11000D1512B /* returnButton.png */,
				A981E5491531C11000D1512B /* saveButton.png */,
				A981E54A1531C11000D1512B /* undoButton.png */,
			);
			name = SWDrawView;
			path = SWDrawViewController;
			sourceTree = "<group>";
		};
		A981E52E1531C11000D1512B /* colorButton */ = {
			isa = PBXGroup;
			children = (
				A981E52F1531C11000D1512B /* colorButton1.png */,
				A981E5301531C11000D1512B /* colorButton10.png */,
				A981E5311531C11000D1512B /* colorButton11.png */,
				A981E5321531C11000D1512B /* colorButton12.png */,
				A981E5331531C11000D1512B /* colorButton13.png */,
				A981E5341531C11000D1512B /* colorButton14.png */,
				A981E5351531C11000D1512B /* colorButton15.png */,
				A981E5361531C11000D1512B /* colorButton16.png */,
				A981E5371531C11000D1512B /* colorButton17.png */,
				A981E5381531C11000D1512B /* colorButton18.png */,
				A981E5391531C11000D1512B /* colorButton2.png */,
				A981E53A1531C11000D1512B /* colorButton3.png */,
				A981E53B1531C11000D1512B /* colorButton4.png */,
				A981E53C1531C11000D1512B /* colorButton5.png */,
				A981E53D1531C11000D1512B /* colorButton6.png */,
				A981E53E1531C11000D1512B /* colorButton7.png */,
				A981E53F1531C11000D1512B /* colorButton8.png */,
				A981E5401531C11000D1512B /* colorButton9.png */,
			);
			path = colorButton;
			sourceTree = "<group>";
		};
		A981E5421531C11000D1512B /* enterAlbumButton */ = {
			isa = PBXGroup;
			children = (
				A981E5431531C11000D1512B /* clearButton.png */,
				A981E5441531C11000D1512B /* enterAlumButton.png */,
			);
			path = enterAlbumButton;
			sourceTree = "<group>";
		};
		A981E5661531C14200D1512B /* SWHelpView */ = {
			isa = PBXGroup;
			children = (
				A981E5671531C14200D1512B /* backgroundImageViewHV.png */,
				A981E5681531C14200D1512B /* beforeButton.png */,
				A981E5691531C14200D1512B /* help.psd */,
				A981E56A1531C14200D1512B /* helpImageView1.png */,
				A981E56B1531C14200D1512B /* helpImageView2.png */,
				A981E56C1531C14200D1512B /* helpImageView3.png */,
				A981E56D1531C14200D1512B /* helpImageView4.png */,
				A981E56E1531C14200D1512B /* nextButton.png */,
				A981E56F1531C14200D1512B /* returnButton.png */,
			);
			name = SWHelpView;
			path = SWHelpViewController;
			sourceTree = "<group>";
		};
/* End PBXGroup section */

/* Begin PBXNativeTarget section */
		0A3CBBC1152EF55E00B29756 /* Sketch Integration */ = {
			isa = PBXNativeTarget;
			buildConfigurationList = 0A3CBBE3152EF55F00B29756 /* Build configuration list for PBXNativeTarget "Sketch Integration" */;
			buildPhases = (
				0A3CBBBE152EF55E00B29756 /* Sources */,
				0A3CBBBF152EF55E00B29756 /* Frameworks */,
				0A3CBBC0152EF55E00B29756 /* Resources */,
			);
			buildRules = (
			);
			dependencies = (
			);
			name = "Sketch Integration";
			productName = "Sketch Integration";
			productReference = 0A3CBBC2152EF55E00B29756 /* Sketch Integration.app */;
			productType = "com.apple.product-type.application";
		};
/* End PBXNativeTarget section */

/* Begin PBXProject section */
		0A3CBBB9152EF55E00B29756 /* Project object */ = {
			isa = PBXProject;
			attributes = {
				LastUpgradeCheck = 0420;
			};
			buildConfigurationList = 0A3CBBBC152EF55E00B29756 /* Build configuration list for PBXProject "Sketch Integration" */;
			compatibilityVersion = "Xcode 3.2";
			developmentRegion = English;
			hasScannedForEncodings = 0;
			knownRegions = (
				en,
			);
			mainGroup = 0A3CBBB7152EF55E00B29756;
			productRefGroup = 0A3CBBC3152EF55E00B29756 /* Products */;
			projectDirPath = "";
			projectRoot = "";
			targets = (
				0A3CBBC1152EF55E00B29756 /* Sketch Integration */,
			);
		};
/* End PBXProject section */

/* Begin PBXResourcesBuildPhase section */
		0A3CBBC0152EF55E00B29756 /* Resources */ = {
			isa = PBXResourcesBuildPhase;
			buildActionMask = 2147483647;
			files = (
				0A3CBBD1152EF55E00B29756 /* InfoPlist.strings in Resources */,
				0A3CBC3B152EF65400B29756 /* SWDrawAlbumView.xib in Resources */,
				0A3CBC3C152EF65400B29756 /* SWDrawView.xib in Resources */,
				0A3CBC3D152EF65400B29756 /* SWHelpView.xib in Resources */,
				0A3CBC3F152EF65400B29756 /* SWPasterWonderlandView.xib in Resources */,
				0A3CBC4D152EF7E100B29756 /* backgroundImage.png in Resources */,
				0A3CBC4E152EF7E100B29756 /* returnButton.png in Resources */,
				0A3CBC5B152EF80900B29756 /* pasterTemplate0.png in Resources */,
				0A3CBC5C152EF80900B29756 /* pasterTemplate1.png in Resources */,
				0A3CBC5D152EF80900B29756 /* pasterTemplate2.png in Resources */,
				0A3CBC5E152EF80900B29756 /* pasterTemplate3.png in Resources */,
				0A3CBC5F152EF80900B29756 /* pasterTemplate4.png in Resources */,
				0A3CBC60152EF80900B29756 /* pasterTemplate5.png in Resources */,
				0A3CBC61152EF80900B29756 /* pasterTemplate6.png in Resources */,
				0A3CBC62152EF80900B29756 /* pasterTemplate7.png in Resources */,
				0A3CBC63152EF80900B29756 /* pasterTemplate8.png in Resources */,
				0A3CBC64152EF80900B29756 /* pasterTemplate9.png in Resources */,
				0A3CBC65152EF80900B29756 /* pasterTemplate10.png in Resources */,
				0A3CBC66152EF80900B29756 /* pasterTemplate11.png in Resources */,
				A981E5261531C0CC00D1512B /* backgroundImageViewDAV.png in Resources */,
				A981E5271531C0CC00D1512B /* drawWorkBackgroundImageView0.png in Resources */,
				A981E5281531C0CC00D1512B /* drawWorkBackgroundImageView1.png in Resources */,
				A981E5291531C0CC00D1512B /* drawWorkBackgroundImageView2.png in Resources */,
				A981E52A1531C0CC00D1512B /* drawWorkBackgroundImageView3.png in Resources */,
				A981E52B1531C0CC00D1512B /* drawWorkBackgroundImageView4.png in Resources */,
				A981E52C1531C0CC00D1512B /* returnButton.png in Resources */,
				A981E54B1531C11000D1512B /* colorButton1.png in Resources */,
				A981E54C1531C11000D1512B /* colorButton10.png in Resources */,
				A981E54D1531C11000D1512B /* colorButton11.png in Resources */,
				A981E54E1531C11000D1512B /* colorButton12.png in Resources */,
				A981E54F1531C11000D1512B /* colorButton13.png in Resources */,
				A981E5501531C11000D1512B /* colorButton14.png in Resources */,
				A981E5511531C11000D1512B /* colorButton15.png in Resources */,
				A981E5521531C11000D1512B /* colorButton16.png in Resources */,
				A981E5531531C11000D1512B /* colorButton17.png in Resources */,
				A981E5541531C11000D1512B /* colorButton18.png in Resources */,
				A981E5551531C11000D1512B /* colorButton2.png in Resources */,
				A981E5561531C11000D1512B /* colorButton3.png in Resources */,
				A981E5571531C11000D1512B /* colorButton4.png in Resources */,
				A981E5581531C11000D1512B /* colorButton5.png in Resources */,
				A981E5591531C11000D1512B /* colorButton6.png in Resources */,
				A981E55A1531C11000D1512B /* colorButton7.png in Resources */,
				A981E55B1531C11000D1512B /* colorButton8.png in Resources */,
				A981E55C1531C11000D1512B /* colorButton9.png in Resources */,
				A981E55D1531C11000D1512B /* DVCbackgroundImageView.png in Resources */,
				A981E55E1531C11000D1512B /* clearButton.png in Resources */,
				A981E55F1531C11000D1512B /* enterAlumButton.png in Resources */,
				A981E5601531C11000D1512B /* grayMaskImageView.png in Resources */,
				A981E5611531C11000D1512B /* redoButton.png in Resources */,
				A981E5621531C11000D1512B /* removeGeometryPasterButton.png in Resources */,
				A981E5631531C11000D1512B /* returnButton.png in Resources */,
				A981E5641531C11000D1512B /* saveButton.png in Resources */,
				A981E5651531C11000D1512B /* undoButton.png in Resources */,
				A981E5701531C14200D1512B /* backgroundImageViewHV.png in Resources */,
				A981E5711531C14200D1512B /* beforeButton.png in Resources */,
				A981E5721531C14200D1512B /* help.psd in Resources */,
				A981E5731531C14200D1512B /* helpImageView1.png in Resources */,
				A981E5741531C14200D1512B /* helpImageView2.png in Resources */,
				A981E5751531C14200D1512B /* helpImageView3.png in Resources */,
				A981E5761531C14200D1512B /* helpImageView4.png in Resources */,
				A981E5771531C14200D1512B /* nextButton.png in Resources */,
				A981E5781531C14200D1512B /* returnButton.png in Resources */,
				A9816A5B1531C96D0068B369 /* basicBackgroundImageView.png in Resources */,
				A9816A5C1531C96D0068B369 /* cancleButton.png in Resources */,
				A9816A5D1531C96D0068B369 /* confirmButton.png in Resources */,
				A9816A5E1531C96D0068B369 /* promptBackgroundImageView.png in Resources */,
				A9816A6C1531CC0C0068B369 /* doGoodImageView.png in Resources */,
				A9816A781531CC690068B369 /* createdCirclePaster.png in Resources */,
				A9816A791531CC690068B369 /* createdEllipsePaster.png in Resources */,
				A9816A7A1531CC690068B369 /* createdGeometryPasterImageView.png in Resources */,
				A9816A7B1531CC690068B369 /* createdPentaclePaster.png in Resources */,
				A9816A7C1531CC690068B369 /* createdRectanglePaster.png in Resources */,
				A9816A7D1531CC690068B369 /* createdSquarePaster.png in Resources */,
				A9816A7E1531CC690068B369 /* createdTrapeziumPaster.png in Resources */,
				A9816A7F1531CC690068B369 /* createdTrianglePaster.png in Resources */,
				A9816A811531CC7B0068B369 /* geometryPasterLibraryImageView.png in Resources */,
				A9816A831531CC9C0068B369 /* createGeometryPasterButton.png in Resources */,
				A9816A8C1531CCA30068B369 /* uncreateCirclePasterButton.png in Resources */,
				A9816A8D1531CCA30068B369 /* uncreateEllipsePasterButton.png in Resources */,
				A9816A8E1531CCA30068B369 /* uncreatePentaclePasterButton.png in Resources */,
				A9816A8F1531CCA30068B369 /* uncreateRectanglePasterButton.png in Resources */,
				A9816A901531CCA30068B369 /* uncreateSquarePasterButton.png in Resources */,
				A9816A911531CCA30068B369 /* uncreateTrapeziumPasterButton.png in Resources */,
				A9816A921531CCA30068B369 /* uncreateTrianglePasterButton.png in Resources */,
				0A8287A3153471DE00C84E9D /* DataOfPasterTemplates.plist in Resources */,
				A38C52DA15401AFC00D3A6EC /* SWNavigationView.xib in Resources */,
				A3867FE215453D0B002DC793 /* DataOfGeoTemplates.plist in Resources */,
				0ADA662C154001C000C36861 /* DataOfGeoPasterTemplates.plist in Resources */,
				0A16FCE31546DA800063CB71 /* icon.png in Resources */,
				0A16FCE91546DBCB0063CB71 /* backgroundImageViewNV.png in Resources */,
				0A16FCEA1546DBCB0063CB71 /* drawAlbumButton.png in Resources */,
				0A16FCEB1546DBCB0063CB71 /* drawViewButton.png in Resources */,
				0A16FCEC1546DBCB0063CB71 /* pasterWonderLandButton.png in Resources */,
				0A16FCED1546DBCB0063CB71 /* sketchWonderlandImageView.png in Resources */,
				0AF9F97815497D2D00EBAB30 /* SWDrawView.xib in Resources */,
			);
			runOnlyForDeploymentPostprocessing = 0;
		};
/* End PBXResourcesBuildPhase section */

/* Begin PBXSourcesBuildPhase section */
		0A3CBBBE152EF55E00B29756 /* Sources */ = {
			isa = PBXSourcesBuildPhase;
			buildActionMask = 2147483647;
			files = (
				0A3CBC21152EF65400B29756 /* AppDelegate.m in Sources */,
				0A3CBC22152EF65400B29756 /* RootViewController.m in Sources */,
				0A3CBC23152EF65400B29756 /* SWPasterWonderlandViewController.m in Sources */,
				0A3CBC25152EF65400B29756 /* PKGeometryImageView.m in Sources */,
				0A3CBC26152EF65400B29756 /* PKGeometryPaster.m in Sources */,
				0A3CBC27152EF65400B29756 /* PKGeometryPasterLibrary.m in Sources */,
				0A3CBC28152EF65400B29756 /* PKGeometryPasterTemplate.m in Sources */,
				0A3CBC29152EF65400B29756 /* PKPasterTemplate.m in Sources */,
				0A3CBC2A152EF65400B29756 /* PKPasterTemplateLibrary.m in Sources */,
				0A3CBC2B152EF65400B29756 /* PKPasterWork.m in Sources */,
				0A3CBC49152EF77000B29756 /* main.m in Sources */,
				0A82879915346B8800C84E9D /* SWNavigationViewController.m in Sources */,
				0A8287A01534708700C84E9D /* SWDrawViewController.m in Sources */,
				0A8287A61534729400C84E9D /* SWHelpViewController.m in Sources */,
				0A8287A91534742500C84E9D /* SWDrawAlbumViewController.m in Sources */,
				0A411932153DA0D3000ACAF2 /* UIImage+NSCoder.m in Sources */,
				0A411933153DA0D3000ACAF2 /* UIImageView+DeepCopy.m in Sources */,
				18A3103915453FA300B1C820 /* DKDrawBoard.m in Sources */,
				18A3103A15453FA300B1C820 /* DKPen.m in Sources */,
				18A3103B15453FA300B1C820 /* DKWaterColorPen.m in Sources */,
				18A310471546869B00B1C820 /* DKDrawCanvas.m in Sources */,
				18A31052154696CB00B1C820 /* BroadView.m in Sources */,
				1818C5141546CFDA0096EA6E /* ImageHelper.m in Sources */,
				1818C5151546CFDA0096EA6E /* pointStack.m in Sources */,
				1818C5161546CFDA0096EA6E /* fillImage.m in Sources */,
			);
			runOnlyForDeploymentPostprocessing = 0;
		};
/* End PBXSourcesBuildPhase section */

/* Begin PBXVariantGroup section */
		0A3CBBCF152EF55E00B29756 /* InfoPlist.strings */ = {
			isa = PBXVariantGroup;
			children = (
				0A3CBBD0152EF55E00B29756 /* en */,
			);
			name = InfoPlist.strings;
			sourceTree = "<group>";
		};
/* End PBXVariantGroup section */

/* Begin XCBuildConfiguration section */
		0A3CBBE1152EF55F00B29756 /* Debug */ = {
			isa = XCBuildConfiguration;
			buildSettings = {
				ALWAYS_SEARCH_USER_PATHS = NO;
				ARCHS = "$(ARCHS_UNIVERSAL_IPHONE_OS)";
				CODE_SIGN_IDENTITY = "iPhone Developer: yiyu xu (SSW662A66D)";
				"CODE_SIGN_IDENTITY[sdk=iphoneos*]" = "iPhone Developer";
				COPY_PHASE_STRIP = NO;
				GCC_C_LANGUAGE_STANDARD = gnu99;
				GCC_DYNAMIC_NO_PIC = NO;
				GCC_OPTIMIZATION_LEVEL = 0;
				GCC_PREPROCESSOR_DEFINITIONS = (
					"DEBUG=1",
					"$(inherited)",
				);
				GCC_SYMBOLS_PRIVATE_EXTERN = NO;
				GCC_VERSION = com.apple.compilers.llvmgcc42;
				GCC_WARN_ABOUT_MISSING_PROTOTYPES = YES;
				GCC_WARN_ABOUT_RETURN_TYPE = YES;
				GCC_WARN_UNUSED_VARIABLE = YES;
				IPHONEOS_DEPLOYMENT_TARGET = 4.3;
				PROVISIONING_PROFILE = "5A07F2F4-76F7-4947-93E6-C8B7D2600955";
				SDKROOT = iphoneos;
				TARGETED_DEVICE_FAMILY = 2;
			};
			name = Debug;
		};
		0A3CBBE2152EF55F00B29756 /* Release */ = {
			isa = XCBuildConfiguration;
			buildSettings = {
				ALWAYS_SEARCH_USER_PATHS = NO;
				ARCHS = "$(ARCHS_UNIVERSAL_IPHONE_OS)";
				CODE_SIGN_IDENTITY = "iPhone Developer: yiyu xu (SSW662A66D)";
				"CODE_SIGN_IDENTITY[sdk=iphoneos*]" = "iPhone Developer";
				COPY_PHASE_STRIP = YES;
				GCC_C_LANGUAGE_STANDARD = gnu99;
				GCC_VERSION = com.apple.compilers.llvmgcc42;
				GCC_WARN_ABOUT_MISSING_PROTOTYPES = YES;
				GCC_WARN_ABOUT_RETURN_TYPE = YES;
				GCC_WARN_UNUSED_VARIABLE = YES;
				IPHONEOS_DEPLOYMENT_TARGET = 4.3;
				OTHER_CFLAGS = "-DNS_BLOCK_ASSERTIONS=1";
				PROVISIONING_PROFILE = "5A07F2F4-76F7-4947-93E6-C8B7D2600955";
				SDKROOT = iphoneos;
				TARGETED_DEVICE_FAMILY = 2;
				VALIDATE_PRODUCT = YES;
			};
			name = Release;
		};
		0A3CBBE4152EF55F00B29756 /* Debug */ = {
			isa = XCBuildConfiguration;
			buildSettings = {
				GCC_PRECOMPILE_PREFIX_HEADER = YES;
				GCC_PREFIX_HEADER = "Sketch Integration/Sketch Integration-Prefix.pch";
				INFOPLIST_FILE = "Sketch Integration/Sketch Integration-Info.plist";
				PRODUCT_NAME = "$(TARGET_NAME)";
				WRAPPER_EXTENSION = app;
			};
			name = Debug;
		};
		0A3CBBE5152EF55F00B29756 /* Release */ = {
			isa = XCBuildConfiguration;
			buildSettings = {
				GCC_PRECOMPILE_PREFIX_HEADER = YES;
				GCC_PREFIX_HEADER = "Sketch Integration/Sketch Integration-Prefix.pch";
				INFOPLIST_FILE = "Sketch Integration/Sketch Integration-Info.plist";
				PRODUCT_NAME = "$(TARGET_NAME)";
				WRAPPER_EXTENSION = app;
			};
			name = Release;
		};
/* End XCBuildConfiguration section */

/* Begin XCConfigurationList section */
		0A3CBBBC152EF55E00B29756 /* Build configuration list for PBXProject "Sketch Integration" */ = {
			isa = XCConfigurationList;
			buildConfigurations = (
				0A3CBBE1152EF55F00B29756 /* Debug */,
				0A3CBBE2152EF55F00B29756 /* Release */,
			);
			defaultConfigurationIsVisible = 0;
			defaultConfigurationName = Release;
		};
		0A3CBBE3152EF55F00B29756 /* Build configuration list for PBXNativeTarget "Sketch Integration" */ = {
			isa = XCConfigurationList;
			buildConfigurations = (
				0A3CBBE4152EF55F00B29756 /* Debug */,
				0A3CBBE5152EF55F00B29756 /* Release */,
			);
			defaultConfigurationIsVisible = 0;
			defaultConfigurationName = Release;
		};
/* End XCConfigurationList section */
	};
	rootObject = 0A3CBBB9152EF55E00B29756 /* Project object */;
}
